
Microsoft Visual Studio Solution File, Format Version 12.00
# Visual Studio Version 16
VisualStudioVersion = 16.0.30717.126
MinimumVisualStudioVersion = 10.0.40219.1
Project("{FAE04EC0-301F-11D3-BF4B-00C04F79EFBC}") = "ViagogoAssessment", "ViagogoAssessment\ViagogoAssessment.csproj", "{60FEB6C3-40EC-4114-B77A-D9B96B889111}"
EndProject
Global
	GlobalSection(SolutionConfigurationPlatforms) = preSolution
		Debug|Any CPU = Debug|Any CPU
		Release|Any CPU = Release|Any CPU
	EndGlobalSection
	GlobalSection(ProjectConfigurationPlatforms) = postSolution
		{60FEB6C3-40EC-4114-B77A-D9B96B889111}.Debug|Any CPU.ActiveCfg = Debug|Any CPU
		{60FEB6C3-40EC-4114-B77A-D9B96B889111}.Debug|Any CPU.Build.0 = Debug|Any CPU
		{60FEB6C3-40EC-4114-B77A-D9B96B889111}.Release|Any CPU.ActiveCfg = Release|Any CPU
		{60FEB6C3-40EC-4114-B77A-D9B96B889111}.Release|Any CPU.Build.0 = Release|Any CPU
	EndGlobalSection
	GlobalSection(SolutionProperties) = preSolution
		HideSolutionNode = FALSE
	EndGlobalSection
	GlobalSection(ExtensibilityGlobals) = postSolution
		SolutionGuid = {0DD4269C-BF39-4112-8C14-C5563939E74D}
	EndGlobalSection
EndGlobal
